// !$*UTF8*$!
{
	archiveVersion = 1;
	classes = {
	};
	objectVersion = 77;
	objects = {

/* Begin PBXContainerItemProxy section */
		763A72AB2D6FC7C500E26278 /* PBXContainerItemProxy */ = {
			isa = PBXContainerItemProxy;
			containerPortal = 763A72922D6FC7C400E26278 /* Project object */;
			proxyType = 1;
			remoteGlobalIDString = 763A72992D6FC7C400E26278;
			remoteInfo = "Lady Bug 5";
		};
		763A72B52D6FC7C500E26278 /* PBXContainerItemProxy */ = {
			isa = PBXContainerItemProxy;
			containerPortal = 763A72922D6FC7C400E26278 /* Project object */;
			proxyType = 1;
			remoteGlobalIDString = 763A72992D6FC7C400E26278;
			remoteInfo = "Lady Bug 5";
		};
/* End PBXContainerItemProxy section */

/* Begin PBXFileReference section */
		763A729A2D6FC7C400E26278 /* Lady Bug 5.app */ = {isa = PBXFileReference; explicitFileType = wrapper.application; includeInIndex = 0; path = "Lady Bug 5.app"; sourceTree = BUILT_PRODUCTS_DIR; };
		763A72AA2D6FC7C500E26278 /* Lady Bug 5Tests.xctest */ = {isa = PBXFileReference; explicitFileType = wrapper.cfbundle; includeInIndex = 0; path = "Lady Bug 5Tests.xctest"; sourceTree = BUILT_PRODUCTS_DIR; };
		763A72B42D6FC7C500E26278 /* Lady Bug 5UITests.xctest */ = {isa = PBXFileReference; explicitFileType = wrapper.cfbundle; includeInIndex = 0; path = "Lady Bug 5UITests.xctest"; sourceTree = BUILT_PRODUCTS_DIR; };
/* End PBXFileReference section */

/* Begin PBXFileSystemSynchronizedRootGroup section */
		763A729C2D6FC7C400E26278 /* Lady Bug 5 */ = {
			isa = PBXFileSystemSynchronizedRootGroup;
			path = "Lady Bug 5";
			sourceTree = "<group>";
		};
		763A72AD2D6FC7C500E26278 /* Lady Bug 5Tests */ = {
			isa = PBXFileSystemSynchronizedRootGroup;
			path = "Lady Bug 5Tests";
			sourceTree = "<group>";
		};
		763A72B72D6FC7C500E26278 /* Lady Bug 5UITests */ = {
			isa = PBXFileSystemSynchronizedRootGroup;
			path = "Lady Bug 5UITests";
			sourceTree = "<group>";
		};
/* End PBXFileSystemSynchronizedRootGroup section */

/* Begin PBXFrameworksBuildPhase section */
		763A72972D6FC7C400E26278 /* Frameworks */ = {
			isa = PBXFrameworksBuildPhase;
			buildActionMask = 2147483647;
			files = (
			);
			runOnlyForDeploymentPostprocessing = 0;
		};
		763A72A72D6FC7C500E26278 /* Frameworks */ = {
			isa = PBXFrameworksBuildPhase;
			buildActionMask = 2147483647;
			files = (
			);
			runOnlyForDeploymentPostprocessing = 0;
		};
		763A72B12D6FC7C500E26278 /* Frameworks */ = {
			isa = PBXFrameworksBuildPhase;
			buildActionMask = 2147483647;
			files = (
			);
			runOnlyForDeploymentPostprocessing = 0;
		};
/* End PBXFrameworksBuildPhase section */

/* Begin PBXGroup section */
		763A72912D6FC7C400E26278 = {
			isa = PBXGroup;
			children = (
				763A729C2D6FC7C400E26278 /* Lady Bug 5 */,
				763A72AD2D6FC7C500E26278 /* Lady Bug 5Tests */,
				763A72B72D6FC7C500E26278 /* Lady Bug 5UITests */,
				763A729B2D6FC7C400E26278 /* Products */,
			);
			sourceTree = "<group>";
		};
		763A729B2D6FC7C400E26278 /* Products */ = {
			isa = PBXGroup;
			children = (
				763A729A2D6FC7C400E26278 /* Lady Bug 5.app */,
				763A72AA2D6FC7C500E26278 /* Lady Bug 5Tests.xctest */,
				763A72B42D6FC7C500E26278 /* Lady Bug 5UITests.xctest */,
			);
			name = Products;
			sourceTree = "<group>";
		};
/* End PBXGroup section */

/* Begin PBXNativeTarget section */
		763A72992D6FC7C400E26278 /* Lady Bug 5 */ = {
			isa = PBXNativeTarget;
			buildConfigurationList = 763A72BE2D6FC7C500E26278 /* Build configuration list for PBXNativeTarget "Lady Bug 5" */;
			buildPhases = (
				763A72962D6FC7C400E26278 /* Sources */,
				763A72972D6FC7C400E26278 /* Frameworks */,
				763A72982D6FC7C400E26278 /* Resources */,
			);
			buildRules = (
			);
			dependencies = (
			);
			fileSystemSynchronizedGroups = (
				763A729C2D6FC7C400E26278 /* Lady Bug 5 */,
			);
			name = "Lady Bug 5";
			packageProductDependencies = (
			);
			productName = "Lady Bug 5";
			productReference = 763A729A2D6FC7C400E26278 /* Lady Bug 5.app */;
			productType = "com.apple.product-type.application";
		};
		763A72A92D6FC7C500E26278 /* Lady Bug 5Tests */ = {
			isa = PBXNativeTarget;
			buildConfigurationList = 763A72C12D6FC7C500E26278 /* Build configuration list for PBXNativeTarget "Lady Bug 5Tests" */;
			buildPhases = (
				763A72A62D6FC7C500E26278 /* Sources */,
				763A72A72D6FC7C500E26278 /* Frameworks */,
				763A72A82D6FC7C500E26278 /* Resources */,
			);
			buildRules = (
			);
			dependencies = (
				763A72AC2D6FC7C500E26278 /* PBXTargetDependency */,
			);
			fileSystemSynchronizedGroups = (
				763A72AD2D6FC7C500E26278 /* Lady Bug 5Tests */,
			);
			name = "Lady Bug 5Tests";
			packageProductDependencies = (
			);
			productName = "Lady Bug 5Tests";
			productReference = 763A72AA2D6FC7C500E26278 /* Lady Bug 5Tests.xctest */;
			productType = "com.apple.product-type.bundle.unit-test";
		};
		763A72B32D6FC7C500E26278 /* Lady Bug 5UITests */ = {
			isa = PBXNativeTarget;
			buildConfigurationList = 763A72C42D6FC7C500E26278 /* Build configuration list for PBXNativeTarget "Lady Bug 5UITests" */;
			buildPhases = (
				763A72B02D6FC7C500E26278 /* Sources */,
				763A72B12D6FC7C500E26278 /* Frameworks */,
				763A72B22D6FC7C500E26278 /* Resources */,
			);
			buildRules = (
			);
			dependencies = (
				763A72B62D6FC7C500E26278 /* PBXTargetDependency */,
			);
			fileSystemSynchronizedGroups = (
				763A72B72D6FC7C500E26278 /* Lady Bug 5UITests */,
			);
			name = "Lady Bug 5UITests";
			packageProductDependencies = (
			);
			productName = "Lady Bug 5UITests";
			productReference = 763A72B42D6FC7C500E26278 /* Lady Bug 5UITests.xctest */;
			productType = "com.apple.product-type.bundle.ui-testing";
		};
/* End PBXNativeTarget section */

/* Begin PBXProject section */
		763A72922D6FC7C400E26278 /* Project object */ = {
			isa = PBXProject;
			attributes = {
				BuildIndependentTargetsInParallel = 1;
				LastSwiftUpdateCheck = 1620;
				LastUpgradeCheck = 1620;
				TargetAttributes = {
					763A72992D6FC7C400E26278 = {
						CreatedOnToolsVersion = 16.2;
					};
					763A72A92D6FC7C500E26278 = {
						CreatedOnToolsVersion = 16.2;
						TestTargetID = 763A72992D6FC7C400E26278;
					};
					763A72B32D6FC7C500E26278 = {
						CreatedOnToolsVersion = 16.2;
						TestTargetID = 763A72992D6FC7C400E26278;
					};
				};
			};
			buildConfigurationList = 763A72952D6FC7C400E26278 /* Build configuration list for PBXProject "Lady Bug 5" */;
			developmentRegion = en;
			hasScannedForEncodings = 0;
			knownRegions = (
				en,
				Base,
			);
			mainGroup = 763A72912D6FC7C400E26278;
			minimizedProjectReferenceProxies = 1;
			preferredProjectObjectVersion = 77;
			productRefGroup = 763A729B2D6FC7C400E26278 /* Products */;
			projectDirPath = "";
			projectRoot = "";
			targets = (
				763A72992D6FC7C400E26278 /* Lady Bug 5 */,
				763A72A92D6FC7C500E26278 /* Lady Bug 5Tests */,
				763A72B32D6FC7C500E26278 /* Lady Bug 5UITests */,
			);
		};
/* End PBXProject section */

/* Begin PBXResourcesBuildPhase section */
		763A72982D6FC7C400E26278 /* Resources */ = {
			isa = PBXResourcesBuildPhase;
			buildActionMask = 2147483647;
			files = (
			);
			runOnlyForDeploymentPostprocessing = 0;
		};
		763A72A82D6FC7C500E26278 /* Resources */ = {
			isa = PBXResourcesBuildPhase;
			buildActionMask = 2147483647;
			files = (
			);
			runOnlyForDeploymentPostprocessing = 0;
		};
		763A72B22D6FC7C500E26278 /* Resources */ = {
			isa = PBXResourcesBuildPhase;
			buildActionMask = 2147483647;
			files = (
			);
			runOnlyForDeploymentPostprocessing = 0;
		};
/* End PBXResourcesBuildPhase section */

/* Begin PBXSourcesBuildPhase section */
		763A72962D6FC7C400E26278 /* Sources */ = {
			isa = PBXSourcesBuildPhase;
			buildActionMask = 2147483647;
			files = (
			);
			runOnlyForDeploymentPostprocessing = 0;
		};
		763A72A62D6FC7C500E26278 /* Sources */ = {
			isa = PBXSourcesBuildPhase;
			buildActionMask = 2147483647;
			files = (
			);
			runOnlyForDeploymentPostprocessing = 0;
		};
		763A72B02D6FC7C500E26278 /* Sources */ = {
			isa = PBXSourcesBuildPhase;
			buildActionMask = 2147483647;
			files = (
			);
			runOnlyForDeploymentPostprocessing = 0;
		};
/* End PBXSourcesBuildPhase section */

/* Begin PBXTargetDependency section */
		763A72AC2D6FC7C500E26278 /* PBXTargetDependency */ = {
			isa = PBXTargetDependency;
			target = 763A72992D6FC7C400E26278 /* Lady Bug 5 */;
			targetProxy = 763A72AB2D6FC7C500E26278 /* PBXContainerItemProxy */;
		};
		763A72B62D6FC7C500E26278 /* PBXTargetDependency */ = {
			isa = PBXTargetDependency;
			target = 763A72992D6FC7C400E26278 /* Lady Bug 5 */;
			targetProxy = 763A72B52D6FC7C500E26278 /* PBXContainerItemProxy */;
		};
/* End PBXTargetDependency section */

/* Begin XCBuildConfiguration section */
		763A72BC2D6FC7C500E26278 /* Debug */ = {
			isa = XCBuildConfiguration;
			buildSettings = {
				ALWAYS_SEARCH_USER_PATHS = NO;
				ASSETCATALOG_COMPILER_GENERATE_SWIFT_ASSET_SYMBOL_EXTENSIONS = YES;
				CLANG_ANALYZER_NONNULL = YES;
				CLANG_ANALYZER_NUMBER_OBJECT_CONVERSION = YES_AGGRESSIVE;
				CLANG_CXX_LANGUAGE_STANDARD = "gnu++20";
				CLANG_ENABLE_MODULES = YES;
				CLANG_ENABLE_OBJC_ARC = YES;
				CLANG_ENABLE_OBJC_WEAK = YES;
				CLANG_WARN_BLOCK_CAPTURE_AUTORELEASING = YES;
				CLANG_WARN_BOOL_CONVERSION = YES;
				CLANG_WARN_COMMA = YES;
				CLANG_WARN_CONSTANT_CONVERSION = YES;
				CLANG_WARN_DEPRECATED_OBJC_IMPLEMENTATIONS = YES;
				CLANG_WARN_DIRECT_OBJC_ISA_USAGE = YES_ERROR;
				CLANG_WARN_DOCUMENTATION_COMMENTS = YES;
				CLANG_WARN_EMPTY_BODY = YES;
				CLANG_WARN_ENUM_CONVERSION = YES;
				CLANG_WARN_INFINITE_RECURSION = YES;
				CLANG_WARN_INT_CONVERSION = YES;
				CLANG_WARN_NON_LITERAL_NULL_CONVERSION = YES;
				CLANG_WARN_OBJC_IMPLICIT_RETAIN_SELF = YES;
				CLANG_WARN_OBJC_LITERAL_CONVERSION = YES;
				CLANG_WARN_OBJC_ROOT_CLASS = YES_ERROR;
				CLANG_WARN_QUOTED_INCLUDE_IN_FRAMEWORK_HEADER = YES;
				CLANG_WARN_RANGE_LOOP_ANALYSIS = YES;
				CLANG_WARN_STRICT_PROTOTYPES = YES;
				CLANG_WARN_SUSPICIOUS_MOVE = YES;
				CLANG_WARN_UNGUARDED_AVAILABILITY = YES_AGGRESSIVE;
				CLANG_WARN_UNREACHABLE_CODE = YES;
				CLANG_WARN__DUPLICATE_METHOD_MATCH = YES;
				COPY_PHASE_STRIP = NO;
				DEBUG_INFORMATION_FORMAT = dwarf;
				ENABLE_STRICT_OBJC_MSGSEND = YES;
				ENABLE_TESTABILITY = YES;
				ENABLE_USER_SCRIPT_SANDBOXING = YES;
				GCC_C_LANGUAGE_STANDARD = gnu17;
				GCC_DYNAMIC_NO_PIC = NO;
				GCC_NO_COMMON_BLOCKS = YES;
				GCC_OPTIMIZATION_LEVEL = 0;
				GCC_PREPROCESSOR_DEFINITIONS = (
					"DEBUG=1",
					"$(inherited)",
				);
				GCC_WARN_64_TO_32_BIT_CONVERSION = YES;
				GCC_WARN_ABOUT_RETURN_TYPE = YES_ERROR;
				GCC_WARN_UNDECLARED_SELECTOR = YES;
				GCC_WARN_UNINITIALIZED_AUTOS = YES_AGGRESSIVE;
				GCC_WARN_UNUSED_FUNCTION = YES;
				GCC_WARN_UNUSED_VARIABLE = YES;
				IPHONEOS_DEPLOYMENT_TARGET = 18.2;
				LOCALIZATION_PREFERS_STRING_CATALOGS = YES;
				MTL_ENABLE_DEBUG_INFO = INCLUDE_SOURCE;
				MTL_FAST_MATH = YES;
				ONLY_ACTIVE_ARCH = YES;
				SDKROOT = iphoneos;
				SWIFT_ACTIVE_COMPILATION_CONDITIONS = "DEBUG $(inherited)";
				SWIFT_OPTIMIZATION_LEVEL = "-Onone";
			};
			name = Debug;
		};
		763A72BD2D6FC7C500E26278 /* Release */ = {
			isa = XCBuildConfiguration;
			buildSettings = {
				ALWAYS_SEARCH_USER_PATHS = NO;
				ASSETCATALOG_COMPILER_GENERATE_SWIFT_ASSET_SYMBOL_EXTENSIONS = YES;
				CLANG_ANALYZER_NONNULL = YES;
				CLANG_ANALYZER_NUMBER_OBJECT_CONVERSION = YES_AGGRESSIVE;
				CLANG_CXX_LANGUAGE_STANDARD = "gnu++20";
				CLANG_ENABLE_MODULES = YES;
				CLANG_ENABLE_OBJC_ARC = YES;
				CLANG_ENABLE_OBJC_WEAK = YES;
				CLANG_WARN_BLOCK_CAPTURE_AUTORELEASING = YES;
				CLANG_WARN_BOOL_CONVERSION = YES;
				CLANG_WARN_COMMA = YES;
				CLANG_WARN_CONSTANT_CONVERSION = YES;
				CLANG_WARN_DEPRECATED_OBJC_IMPLEMENTATIONS = YES;
				CLANG_WARN_DIRECT_OBJC_ISA_USAGE = YES_ERROR;
				CLANG_WARN_DOCUMENTATION_COMMENTS = YES;
				CLANG_WARN_EMPTY_BODY = YES;
				CLANG_WARN_ENUM_CONVERSION = YES;
				CLANG_WARN_INFINITE_RECURSION = YES;
				CLANG_WARN_INT_CONVERSION = YES;
				CLANG_WARN_NON_LITERAL_NULL_CONVERSION = YES;
				CLANG_WARN_OBJC_IMPLICIT_RETAIN_SELF = YES;
				CLANG_WARN_OBJC_LITERAL_CONVERSION = YES;
				CLANG_WARN_OBJC_ROOT_CLASS = YES_ERROR;
				CLANG_WARN_QUOTED_INCLUDE_IN_FRAMEWORK_HEADER = YES;
				CLANG_WARN_RANGE_LOOP_ANALYSIS = YES;
				CLANG_WARN_STRICT_PROTOTYPES = YES;
				CLANG_WARN_SUSPICIOUS_MOVE = YES;
				CLANG_WARN_UNGUARDED_AVAILABILITY = YES_AGGRESSIVE;
				CLANG_WARN_UNREACHABLE_CODE = YES;
				CLANG_WARN__DUPLICATE_METHOD_MATCH = YES;
				COPY_PHASE_STRIP = NO;
				DEBUG_INFORMATION_FORMAT = "dwarf-with-dsym";
				ENABLE_NS_ASSERTIONS = NO;
				ENABLE_STRICT_OBJC_MSGSEND = YES;
				ENABLE_USER_SCRIPT_SANDBOXING = YES;
				GCC_C_LANGUAGE_STANDARD = gnu17;
				GCC_NO_COMMON_BLOCKS = YES;
				GCC_WARN_64_TO_32_BIT_CONVERSION = YES;
				GCC_WARN_ABOUT_RETURN_TYPE = YES_ERROR;
				GCC_WARN_UNDECLARED_SELECTOR = YES;
				GCC_WARN_UNINITIALIZED_AUTOS = YES_AGGRESSIVE;
				GCC_WARN_UNUSED_FUNCTION = YES;
				GCC_WARN_UNUSED_VARIABLE = YES;
				IPHONEOS_DEPLOYMENT_TARGET = 18.2;
				LOCALIZATION_PREFERS_STRING_CATALOGS = YES;
				MTL_ENABLE_DEBUG_INFO = NO;
				MTL_FAST_MATH = YES;
				SDKROOT = iphoneos;
				SWIFT_COMPILATION_MODE = wholemodule;
				VALIDATE_PRODUCT = YES;
			};
			name = Release;
		};
		763A72BF2D6FC7C500E26278 /* Debug */ = {
			isa = XCBuildConfiguration;
			buildSettings = {
				ASSETCATALOG_COMPILER_APPICON_NAME = AppIcon;
				ASSETCATALOG_COMPILER_GLOBAL_ACCENT_COLOR_NAME = AccentColor;
				CODE_SIGN_STYLE = Automatic;
				CURRENT_PROJECT_VERSION = 1;
				DEVELOPMENT_ASSET_PATHS = "\"Lady Bug 5/Preview Content\"";
				DEVELOPMENT_TEAM = KD9H4U4568;
				ENABLE_PREVIEWS = YES;
				GENERATE_INFOPLIST_FILE = YES;
				INFOPLIST_KEY_LSApplicationCategoryType = "";
				INFOPLIST_KEY_NSCameraUsageDescription = "Camera access is needed to add photos";
				INFOPLIST_KEY_NSPhotoLibraryUsageDescription = "Photo library access is needed to add photos";
				INFOPLIST_KEY_UIApplicationSceneManifest_Generation = YES;
				INFOPLIST_KEY_UIApplicationSupportsIndirectInputEvents = YES;
				INFOPLIST_KEY_UILaunchScreen_Generation = YES;
				INFOPLIST_KEY_UISupportedInterfaceOrientations_iPad = "UIInterfaceOrientationPortrait UIInterfaceOrientationPortraitUpsideDown UIInterfaceOrientationLandscapeLeft UIInterfaceOrientationLandscapeRight";
				INFOPLIST_KEY_UISupportedInterfaceOrientations_iPhone = "UIInterfaceOrientationPortrait UIInterfaceOrientationLandscapeLeft UIInterfaceOrientationLandscapeRight";
				LD_RUNPATH_SEARCH_PATHS = (
					"$(inherited)",
					"@executable_path/Frameworks",
				);
				MARKETING_VERSION = 1.0;
				PRODUCT_BUNDLE_IDENTIFIER = "ca.camosun.ics224.Lady-Bug-5";
				PRODUCT_NAME = "$(TARGET_NAME)";
				SWIFT_EMIT_LOC_STRINGS = YES;
				SWIFT_VERSION = 5.0;
				TARGETED_DEVICE_FAMILY = "1,2";
			};
			name = Debug;
		};
		763A72C02D6FC7C500E26278 /* Release */ = {
			isa = XCBuildConfiguration;
			buildSettings = {
				ASSETCATALOG_COMPILER_APPICON_NAME = AppIcon;
				ASSETCATALOG_COMPILER_GLOBAL_ACCENT_COLOR_NAME = AccentColor;
				CODE_SIGN_STYLE = Automatic;
				CURRENT_PROJECT_VERSION = 1;
				DEVELOPMENT_ASSET_PATHS = "\"Lady Bug 5/Preview Content\"";
				DEVELOPMENT_TEAM = KD9H4U4568;
				ENABLE_PREVIEWS = YES;
				GENERATE_INFOPLIST_FILE = YES;
				INFOPLIST_KEY_LSApplicationCategoryType = "";
				INFOPLIST_KEY_NSCameraUsageDescription = "Camera access is needed to add photos";
				INFOPLIST_KEY_NSPhotoLibraryUsageDescription = "Photo library access is needed to add photos";
				INFOPLIST_KEY_UIApplicationSceneManifest_Generation = YES;
				INFOPLIST_KEY_UIApplicationSupportsIndirectInputEvents = YES;
				INFOPLIST_KEY_UILaunchScreen_Generation = YES;
				INFOPLIST_KEY_UISupportedInterfaceOrientations_iPad = "UIInterfaceOrientationPortrait UIInterfaceOrientationPortraitUpsideDown UIInterfaceOrientationLandscapeLeft UIInterfaceOrientationLandscapeRight";
				INFOPLIST_KEY_UISupportedInterfaceOrientations_iPhone = "UIInterfaceOrientationPortrait UIInterfaceOrientationLandscapeLeft UIInterfaceOrientationLandscapeRight";
				LD_RUNPATH_SEARCH_PATHS = (
					"$(inherited)",
					"@executable_path/Frameworks",
				);
				MARKETING_VERSION = 1.0;
				PRODUCT_BUNDLE_IDENTIFIER = "ca.camosun.ics224.Lady-Bug-5";
				PRODUCT_NAME = "$(TARGET_NAME)";
				SWIFT_EMIT_LOC_STRINGS = YES;
				SWIFT_VERSION = 5.0;
				TARGETED_DEVICE_FAMILY = "1,2";
			};
			name = Release;
		};
		763A72C22D6FC7C500E26278 /* Debug */ = {
			isa = XCBuildConfiguration;
			buildSettings = {
				BUNDLE_LOADER = "$(TEST_HOST)";
				CODE_SIGN_STYLE = Automatic;
				CURRENT_PROJECT_VERSION = 1;
				GENERATE_INFOPLIST_FILE = YES;
				IPHONEOS_DEPLOYMENT_TARGET = 18.2;
				MARKETING_VERSION = 1.0;
				PRODUCT_BUNDLE_IDENTIFIER = "ca.camosun.ics224.Lady-Bug-5Tests";
				PRODUCT_NAME = "$(TARGET_NAME)";
				SWIFT_EMIT_LOC_STRINGS = NO;
				SWIFT_VERSION = 5.0;
				TARGETED_DEVICE_FAMILY = "1,2";
				TEST_HOST = "$(BUILT_PRODUCTS_DIR)/Lady Bug 5.app/$(BUNDLE_EXECUTABLE_FOLDER_PATH)/Lady Bug 5";
			};
			name = Debug;
		};
		763A72C32D6FC7C500E26278 /* Release */ = {
			isa = XCBuildConfiguration;
			buildSettings = {
				BUNDLE_LOADER = "$(TEST_HOST)";
				CODE_SIGN_STYLE = Automatic;
				CURRENT_PROJECT_VERSION = 1;
				GENERATE_INFOPLIST_FILE = YES;
				IPHONEOS_DEPLOYMENT_TARGET = 18.2;
				MARKETING_VERSION = 1.0;
				PRODUCT_BUNDLE_IDENTIFIER = "ca.camosun.ics224.Lady-Bug-5Tests";
				PRODUCT_NAME = "$(TARGET_NAME)";
				SWIFT_EMIT_LOC_STRINGS = NO;
				SWIFT_VERSION = 5.0;
				TARGETED_DEVICE_FAMILY = "1,2";
				TEST_HOST = "$(BUILT_PRODUCTS_DIR)/Lady Bug 5.app/$(BUNDLE_EXECUTABLE_FOLDER_PATH)/Lady Bug 5";
			};
			name = Release;
		};
		763A72C52D6FC7C500E26278 /* Debug */ = {
			isa = XCBuildConfiguration;
			buildSettings = {
				CODE_SIGN_STYLE = Automatic;
				CURRENT_PROJECT_VERSION = 1;
				GENERATE_INFOPLIST_FILE = YES;
				MARKETING_VERSION = 1.0;
				PRODUCT_BUNDLE_IDENTIFIER = "ca.camosun.ics224.Lady-Bug-5UITests";
				PRODUCT_NAME = "$(TARGET_NAME)";
				SWIFT_EMIT_LOC_STRINGS = NO;
				SWIFT_VERSION = 5.0;
				TARGETED_DEVICE_FAMILY = "1,2";
				TEST_TARGET_NAME = "Lady Bug 5";
			};
			name = Debug;
		};
		763A72C62D6FC7C500E26278 /* Release */ = {
			isa = XCBuildConfiguration;
			buildSettings = {
				CODE_SIGN_STYLE = Automatic;
				CURRENT_PROJECT_VERSION = 1;
				GENERATE_INFOPLIST_FILE = YES;
				MARKETING_VERSION = 1.0;
				PRODUCT_BUNDLE_IDENTIFIER = "ca.camosun.ics224.Lady-Bug-5UITests";
				PRODUCT_NAME = "$(TARGET_NAME)";
				SWIFT_EMIT_LOC_STRINGS = NO;
				SWIFT_VERSION = 5.0;
				TARGETED_DEVICE_FAMILY = "1,2";
				TEST_TARGET_NAME = "Lady Bug 5";
			};
			name = Release;
		};
/* End XCBuildConfiguration section */

/* Begin XCConfigurationList section */
		763A72952D6FC7C400E26278 /* Build configuration list for PBXProject "Lady Bug 5" */ = {
			isa = XCConfigurationList;
			buildConfigurations = (
				763A72BC2D6FC7C500E26278 /* Debug */,
				763A72BD2D6FC7C500E26278 /* Release */,
			);
			defaultConfigurationIsVisible = 0;
			defaultConfigurationName = Release;
		};
		763A72BE2D6FC7C500E26278 /* Build configuration list for PBXNativeTarget "Lady Bug 5" */ = {
			isa = XCConfigurationList;
			buildConfigurations = (
				763A72BF2D6FC7C500E26278 /* Debug */,
				763A72C02D6FC7C500E26278 /* Release */,
			);
			defaultConfigurationIsVisible = 0;
			defaultConfigurationName = Release;
		};
		763A72C12D6FC7C500E26278 /* Build configuration list for PBXNativeTarget "Lady Bug 5Tests" */ = {
			isa = XCConfigurationList;
			buildConfigurations = (
				763A72C22D6FC7C500E26278 /* Debug */,
				763A72C32D6FC7C500E26278 /* Release */,
			);
			defaultConfigurationIsVisible = 0;
			defaultConfigurationName = Release;
		};
		763A72C42D6FC7C500E26278 /* Build configuration list for PBXNativeTarget "Lady Bug 5UITests" */ = {
			isa = XCConfigurationList;
			buildConfigurations = (
				763A72C52D6FC7C500E26278 /* Debug */,
				763A72C62D6FC7C500E26278 /* Release */,
			);
			defaultConfigurationIsVisible = 0;
			defaultConfigurationName = Release;
		};
/* End XCConfigurationList section */
	};
	rootObject = 763A72922D6FC7C400E26278 /* Project object */;
}
